{
  "version": 4,
  "terraform_version": "0.12.12",
  "serial": 14,
  "lineage": "bf3f9d40-9306-b366-f1da-d49c6e9906c4",
  "outputs": {},
  "resources": [
    {
      "mode": "managed",
      "type": "google_compute_firewall",
      "name": "default",
      "provider": "provider.google",
      "instances": [
        {
          "schema_version": 1,
          "attributes": {
            "allow": [
              {
                "ports": [
                  "80"
                ],
                "protocol": "tcp"
              }
            ],
            "creation_timestamp": "2020-01-28T09:40:42.517-08:00",
            "deny": [],
            "description": "",
            "destination_ranges": [],
            "direction": "INGRESS",
            "disabled": false,
            "enable_logging": false,
            "id": "projects/invia-flightbooking/global/firewalls/tf-www-firewall",
            "name": "tf-www-firewall",
            "network": "https://www.googleapis.com/compute/v1/projects/invia-flightbooking/global/networks/default",
            "priority": 1000,
            "project": "invia-flightbooking",
            "self_link": "https://www.googleapis.com/compute/v1/projects/invia-flightbooking/global/firewalls/tf-www-firewall",
            "source_ranges": [
              "0.0.0.0/0"
            ],
            "source_service_accounts": [],
            "source_tags": [],
            "target_service_accounts": [],
            "target_tags": [
              "docker-node"
            ],
            "timeouts": null
          },
          "private": "eyJlMmJmYjczMC1lY2FhLTExZTYtOGY4OC0zNDM2M2JjN2M0YzAiOnsiY3JlYXRlIjoyNDAwMDAwMDAwMDAsImRlbGV0ZSI6MjQwMDAwMDAwMDAwLCJ1cGRhdGUiOjI0MDAwMDAwMDAwMH0sInNjaGVtYV92ZXJzaW9uIjoiMSJ9"
        }
      ]
    },
    {
      "mode": "managed",
      "type": "google_compute_instance",
      "name": "docker",
      "each": "list",
      "provider": "provider.google",
      "instances": [
        {
          "index_key": 0,
          "schema_version": 6,
          "attributes": {
            "allow_stopping_for_update": null,
            "attached_disk": [],
            "boot_disk": [
              {
                "auto_delete": true,
                "device_name": "persistent-disk-0",
                "disk_encryption_key_raw": "",
                "disk_encryption_key_sha256": "",
                "initialize_params": [
                  {
                    "image": "https://www.googleapis.com/compute/v1/projects/ubuntu-os-cloud/global/images/ubuntu-1404-trusty-v20160602",
                    "labels": {},
                    "size": 10,
                    "type": "pd-standard"
                  }
                ],
                "kms_key_self_link": "",
                "mode": "READ_WRITE",
                "source": "https://www.googleapis.com/compute/v1/projects/invia-flightbooking/zones/us-central1-f/disks/tf-docker-0"
              }
            ],
            "can_ip_forward": false,
            "cpu_platform": "Intel Haswell",
            "deletion_protection": false,
            "description": "",
            "enable_display": false,
            "guest_accelerator": [],
            "hostname": "",
            "id": "projects/invia-flightbooking/zones/us-central1-f/instances/tf-docker-0",
            "instance_id": "4018033128376188359",
            "label_fingerprint": "42WmSpB8rSM=",
            "labels": null,
            "machine_type": "f1-micro",
            "metadata": {
              "ssh-keys": "root:ssh-rsa AAAAB3NzaC1yc2EAAAADAQABAAABAQCszy0ua2Z04zSAthc1KMbMnrZV0VomUEYd3+HbUs6MZyBw3F+z3og9zclDC4Qq2mOAxQtarA2IIdDs208vnh7E9wkCnMIF0LjjkVhfYTpbaOeaOVVcqcjUczfswRq2DvcBiQP4nxgDp9zul+55puhuKT1hKKdkIQdv4ZULtzmWM7Z3V9GVab/4kEKGF3pOI4WF0f8uh6AmiOZTLd78qKZy69ycIDjI4BrOBEJ2mcg16/CE3CLc4OUo8f1zF9G1SxBW8YWKv339cjxj7Zy55zJ6n4io+RiJee0hJ2qoPncNrGqxFZF+5ZrdE4ccUVxtE+P5dolLuBr0xYnGWpNQiGvr vardamod@WKMIN7305200\n"
            },
            "metadata_fingerprint": "-FIVRZpR9IM=",
            "metadata_startup_script": "",
            "min_cpu_platform": "",
            "name": "tf-docker-0",
            "network_interface": [
              {
                "access_config": [
                  {
                    "nat_ip": "104.154.224.212",
                    "network_tier": "PREMIUM",
                    "public_ptr_domain_name": ""
                  }
                ],
                "alias_ip_range": [],
                "name": "nic0",
                "network": "https://www.googleapis.com/compute/v1/projects/invia-flightbooking/global/networks/default",
                "network_ip": "10.128.0.7",
                "subnetwork": "https://www.googleapis.com/compute/v1/projects/invia-flightbooking/regions/us-central1/subnetworks/default",
                "subnetwork_project": "invia-flightbooking"
              }
            ],
            "project": "invia-flightbooking",
            "scheduling": [
              {
                "automatic_restart": true,
                "node_affinities": [],
                "on_host_maintenance": "MIGRATE",
                "preemptible": false
              }
            ],
            "scratch_disk": [],
            "self_link": "https://www.googleapis.com/compute/v1/projects/invia-flightbooking/zones/us-central1-f/instances/tf-docker-0",
            "service_account": [
              {
                "email": "701671757190-compute@developer.gserviceaccount.com",
                "scopes": [
                  "https://www.googleapis.com/auth/compute.readonly"
                ]
              }
            ],
            "shielded_instance_config": [],
            "tags": [
              "docker-node"
            ],
            "tags_fingerprint": "KMHM74J1xug=",
            "timeouts": null,
            "zone": "us-central1-f"
          },
          "private": "eyJlMmJmYjczMC1lY2FhLTExZTYtOGY4OC0zNDM2M2JjN2M0YzAiOnsiY3JlYXRlIjoxMjAwMDAwMDAwMDAwLCJkZWxldGUiOjEyMDAwMDAwMDAwMDAsInVwZGF0ZSI6MTIwMDAwMDAwMDAwMH0sInNjaGVtYV92ZXJzaW9uIjoiNiJ9"
        }
      ]
    },
    {
      "mode": "managed",
      "type": "google_compute_instance",
      "name": "ubuntu-xenial",
      "provider": "provider.google",
      "instances": [
        {
          "schema_version": 6,
          "attributes": {
            "allow_stopping_for_update": null,
            "attached_disk": [],
            "boot_disk": [
              {
                "auto_delete": true,
                "device_name": "persistent-disk-0",
                "disk_encryption_key_raw": "",
                "disk_encryption_key_sha256": "",
                "initialize_params": [
                  {
                    "image": "https://www.googleapis.com/compute/v1/projects/ubuntu-os-cloud/global/images/ubuntu-1604-xenial-v20200108",
                    "labels": {},
                    "size": 10,
                    "type": "pd-standard"
                  }
                ],
                "kms_key_self_link": "",
                "mode": "READ_WRITE",
                "source": "https://www.googleapis.com/compute/v1/projects/invia-flightbooking/zones/us-central1-f/disks/ubuntu-xenial"
              }
            ],
            "can_ip_forward": false,
            "cpu_platform": "Intel Haswell",
            "deletion_protection": false,
            "description": "",
            "enable_display": false,
            "guest_accelerator": [],
            "hostname": "",
            "id": "projects/invia-flightbooking/zones/us-central1-f/instances/ubuntu-xenial",
            "instance_id": "7810472556206308806",
            "label_fingerprint": "42WmSpB8rSM=",
            "labels": null,
            "machine_type": "f1-micro",
            "metadata": null,
            "metadata_fingerprint": "fy1nZaFKlOc=",
            "metadata_startup_script": "",
            "min_cpu_platform": "",
            "name": "ubuntu-xenial",
            "network_interface": [
              {
                "access_config": [
                  {
                    "nat_ip": "35.226.149.222",
                    "network_tier": "PREMIUM",
                    "public_ptr_domain_name": ""
                  }
                ],
                "alias_ip_range": [],
                "name": "nic0",
                "network": "https://www.googleapis.com/compute/v1/projects/invia-flightbooking/global/networks/default",
                "network_ip": "10.128.0.8",
                "subnetwork": "https://www.googleapis.com/compute/v1/projects/invia-flightbooking/regions/us-central1/subnetworks/default",
                "subnetwork_project": "invia-flightbooking"
              }
            ],
            "project": "invia-flightbooking",
            "scheduling": [
              {
                "automatic_restart": true,
                "node_affinities": [],
                "on_host_maintenance": "MIGRATE",
                "preemptible": false
              }
            ],
            "scratch_disk": [],
            "self_link": "https://www.googleapis.com/compute/v1/projects/invia-flightbooking/zones/us-central1-f/instances/ubuntu-xenial",
            "service_account": [
              {
                "email": "701671757190-compute@developer.gserviceaccount.com",
                "scopes": [
                  "https://www.googleapis.com/auth/compute.readonly",
                  "https://www.googleapis.com/auth/devstorage.read_only",
                  "https://www.googleapis.com/auth/userinfo.email"
                ]
              }
            ],
            "shielded_instance_config": [],
            "tags": null,
            "tags_fingerprint": "42WmSpB8rSM=",
            "timeouts": null,
            "zone": "us-central1-f"
          },
          "private": "eyJlMmJmYjczMC1lY2FhLTExZTYtOGY4OC0zNDM2M2JjN2M0YzAiOnsiY3JlYXRlIjoxMjAwMDAwMDAwMDAwLCJkZWxldGUiOjEyMDAwMDAwMDAwMDAsInVwZGF0ZSI6MTIwMDAwMDAwMDAwMH0sInNjaGVtYV92ZXJzaW9uIjoiNiJ9"
        }
      ]
    }
  ]
}
